
Microsoft Visual Studio Solution File, Format Version 12.00
# Visual Studio Version 17
VisualStudioVersion = 17.2.32519.379
MinimumVisualStudioVersion = 10.0.40219.1
Project("{2150E333-8FDC-42A3-9474-1A3956D46DE8}") = "Examples", "Examples", "{7A82B466-5509-490E-A490-D64D871CBA06}"
EndProject
Project("{9A19103F-16F7-4668-BE54-9A1E7A4F7556}") = "HelloBotNET.AppService", "HelloBotNET.AppService\HelloBotNET.AppService.csproj", "{40F07F65-6DF5-48D2-9C11-0D970BFA31A0}"
EndProject
Project("{9A19103F-16F7-4668-BE54-9A1E7A4F7556}") = "Telegram.BotAPI", "Telegram.BotAPI\Telegram.BotAPI.csproj", "{77D93426-116A-411E-BFCA-F61EEB4E0E3C}"
EndProject
Project("{9A19103F-16F7-4668-BE54-9A1E7A4F7556}") = "Telegram.BotAPI.Extensions", "Telegram.BotAPI.Extensions\Telegram.BotAPI.Extensions.csproj", "{805BD265-0804-4A98-B6C9-3CAD194769CE}"
EndProject
Global
	GlobalSection(SolutionConfigurationPlatforms) = preSolution
		Debug|Any CPU = Debug|Any CPU
		Release|Any CPU = Release|Any CPU
	EndGlobalSection
	GlobalSection(ProjectConfigurationPlatforms) = postSolution
		{40F07F65-6DF5-48D2-9C11-0D970BFA31A0}.Debug|Any CPU.ActiveCfg = Debug|Any CPU
		{40F07F65-6DF5-48D2-9C11-0D970BFA31A0}.Debug|Any CPU.Build.0 = Debug|Any CPU
		{40F07F65-6DF5-48D2-9C11-0D970BFA31A0}.Release|Any CPU.ActiveCfg = Release|Any CPU
		{40F07F65-6DF5-48D2-9C11-0D970BFA31A0}.Release|Any CPU.Build.0 = Release|Any CPU
		{77D93426-116A-411E-BFCA-F61EEB4E0E3C}.Debug|Any CPU.ActiveCfg = Debug|Any CPU
		{77D93426-116A-411E-BFCA-F61EEB4E0E3C}.Debug|Any CPU.Build.0 = Debug|Any CPU
		{77D93426-116A-411E-BFCA-F61EEB4E0E3C}.Release|Any CPU.ActiveCfg = Release|Any CPU
		{77D93426-116A-411E-BFCA-F61EEB4E0E3C}.Release|Any CPU.Build.0 = Release|Any CPU
		{805BD265-0804-4A98-B6C9-3CAD194769CE}.Debug|Any CPU.ActiveCfg = Debug|Any CPU
		{805BD265-0804-4A98-B6C9-3CAD194769CE}.Debug|Any CPU.Build.0 = Debug|Any CPU
		{805BD265-0804-4A98-B6C9-3CAD194769CE}.Release|Any CPU.ActiveCfg = Release|Any CPU
		{805BD265-0804-4A98-B6C9-3CAD194769CE}.Release|Any CPU.Build.0 = Release|Any CPU
	EndGlobalSection
	GlobalSection(SolutionProperties) = preSolution
		HideSolutionNode = FALSE
	EndGlobalSection
	GlobalSection(NestedProjects) = preSolution
		{40F07F65-6DF5-48D2-9C11-0D970BFA31A0} = {7A82B466-5509-490E-A490-D64D871CBA06}
		{77D93426-116A-411E-BFCA-F61EEB4E0E3C} = {7A82B466-5509-490E-A490-D64D871CBA06}
		{805BD265-0804-4A98-B6C9-3CAD194769CE} = {7A82B466-5509-490E-A490-D64D871CBA06}
	EndGlobalSection
	GlobalSection(ExtensibilityGlobals) = postSolution
		SolutionGuid = {936E7344-448B-4497-970E-1AC2EC609933}
	EndGlobalSection
EndGlobal
